// !$*UTF8*$!
{
	archiveVersion = 1;
	classes = {
	};
	objectVersion = 46;
	objects = {

/* Begin PBXBuildFile section */
		D9074F301DF4F45900BC234A /* Home.jpg in Resources */ = {isa = PBXBuildFile; fileRef = D9074F291DF4F45900BC234A /* Home.jpg */; };
		D9074F311DF4F45900BC234A /* self.jpg in Resources */ = {isa = PBXBuildFile; fileRef = D9074F2A1DF4F45900BC234A /* self.jpg */; };
		D9074F381DF4F90900BC234A /* Perpetua.ttf in Resources */ = {isa = PBXBuildFile; fileRef = D9074F371DF4F90900BC234A /* Perpetua.ttf */; };
		D9074F3A1DF4F9F200BC234A /* camera.png in Resources */ = {isa = PBXBuildFile; fileRef = D9074F391DF4F9F200BC234A /* camera.png */; };
		D9074F401DF4FC8300BC234A /* bakck.png in Resources */ = {isa = PBXBuildFile; fileRef = D9074F3F1DF4FC8300BC234A /* bakck.png */; };
		D9074F431DF5099500BC234A /* AVFoundation.framework in Frameworks */ = {isa = PBXBuildFile; fileRef = D9074F421DF5099500BC234A /* AVFoundation.framework */; };
		D9074F4C1DF5193C00BC234A /* QuartzCore.framework in Frameworks */ = {isa = PBXBuildFile; fileRef = D9074F4B1DF5193C00BC234A /* QuartzCore.framework */; };
		D9074F4F1DF51A6800BC234A /* RightToLeftSegue.m in Sources */ = {isa = PBXBuildFile; fileRef = D9074F4E1DF51A6800BC234A /* RightToLeftSegue.m */; };
		D9074F521DF51A8A00BC234A /* LeftToRightSegue.m in Sources */ = {isa = PBXBuildFile; fileRef = D9074F511DF51A8A00BC234A /* LeftToRightSegue.m */; };
		D9074F541DF5292800BC234A /* CoreImage.framework in Frameworks */ = {isa = PBXBuildFile; fileRef = D9074F531DF5292800BC234A /* CoreImage.framework */; };
		D9074F561DF5292F00BC234A /* OpenGLES.framework in Frameworks */ = {isa = PBXBuildFile; fileRef = D9074F551DF5292F00BC234A /* OpenGLES.framework */; };
		D9074F961DF52D1A00BC234A /* AppDelegate.m in Sources */ = {isa = PBXBuildFile; fileRef = D9074F951DF52D1A00BC234A /* AppDelegate.m */; };
		D9074F9C1DF54B6A00BC234A /* mona.png in Resources */ = {isa = PBXBuildFile; fileRef = D9074F9B1DF54B6A00BC234A /* mona.png */; };
		D9074F9E1DF54F0800BC234A /* henry.png in Resources */ = {isa = PBXBuildFile; fileRef = D9074F9D1DF54F0800BC234A /* henry.png */; };
		D9074FA01DF553BB00BC234A /* self.png in Resources */ = {isa = PBXBuildFile; fileRef = D9074F9F1DF553BB00BC234A /* self.png */; };
		D9074FA21DF5575C00BC234A /* pearl.png in Resources */ = {isa = PBXBuildFile; fileRef = D9074FA11DF5575C00BC234A /* pearl.png */; };
		D90F473B1DF330EA002FB7DB /* main.m in Sources */ = {isa = PBXBuildFile; fileRef = D90F473A1DF330EA002FB7DB /* main.m */; };
		D90F47411DF330EA002FB7DB /* ViewController.m in Sources */ = {isa = PBXBuildFile; fileRef = D90F47401DF330EA002FB7DB /* ViewController.m */; };
		D90F47441DF330EA002FB7DB /* Main.storyboard in Resources */ = {isa = PBXBuildFile; fileRef = D90F47421DF330EA002FB7DB /* Main.storyboard */; };
		D90F47461DF330EA002FB7DB /* Assets.xcassets in Resources */ = {isa = PBXBuildFile; fileRef = D90F47451DF330EA002FB7DB /* Assets.xcassets */; };
		D90F47491DF330EA002FB7DB /* LaunchScreen.storyboard in Resources */ = {isa = PBXBuildFile; fileRef = D90F47471DF330EA002FB7DB /* LaunchScreen.storyboard */; };
		D90F47541DF330EA002FB7DB /* ArtMeTests.m in Sources */ = {isa = PBXBuildFile; fileRef = D90F47531DF330EA002FB7DB /* ArtMeTests.m */; };
		D90F47601DF331C9002FB7DB /* SecondViewController.m in Sources */ = {isa = PBXBuildFile; fileRef = D90F475F1DF331C9002FB7DB /* SecondViewController.m */; };
		D93A478B1DF60F0400008819 /* cavalier.png in Resources */ = {isa = PBXBuildFile; fileRef = D93A478A1DF60F0400008819 /* cavalier.png */; };
/* End PBXBuildFile section */

/* Begin PBXContainerItemProxy section */
		D90F47501DF330EA002FB7DB /* PBXContainerItemProxy */ = {
			isa = PBXContainerItemProxy;
			containerPortal = D90F472E1DF330EA002FB7DB /* Project object */;
			proxyType = 1;
			remoteGlobalIDString = D90F47351DF330EA002FB7DB;
			remoteInfo = ArtMe;
		};
/* End PBXContainerItemProxy section */

/* Begin PBXFileReference section */
		D9074F291DF4F45900BC234A /* Home.jpg */ = {isa = PBXFileReference; lastKnownFileType = image.jpeg; name = Home.jpg; path = img/Home.jpg; sourceTree = "<group>"; };
		D9074F2A1DF4F45900BC234A /* self.jpg */ = {isa = PBXFileReference; lastKnownFileType = image.jpeg; name = self.jpg; path = img/self.jpg; sourceTree = "<group>"; };
		D9074F371DF4F90900BC234A /* Perpetua.ttf */ = {isa = PBXFileReference; lastKnownFileType = file; path = Perpetua.ttf; sourceTree = "<group>"; };
		D9074F391DF4F9F200BC234A /* camera.png */ = {isa = PBXFileReference; lastKnownFileType = image.png; name = camera.png; path = ArtMe/camera.png; sourceTree = "<group>"; };
		D9074F3F1DF4FC8300BC234A /* bakck.png */ = {isa = PBXFileReference; lastKnownFileType = image.png; name = bakck.png; path = img/bakck.png; sourceTree = "<group>"; };
		D9074F421DF5099500BC234A /* AVFoundation.framework */ = {isa = PBXFileReference; lastKnownFileType = wrapper.framework; name = AVFoundation.framework; path = System/Library/Frameworks/AVFoundation.framework; sourceTree = SDKROOT; };
		D9074F4B1DF5193C00BC234A /* QuartzCore.framework */ = {isa = PBXFileReference; lastKnownFileType = wrapper.framework; name = QuartzCore.framework; path = System/Library/Frameworks/QuartzCore.framework; sourceTree = SDKROOT; };
		D9074F4D1DF51A6800BC234A /* RightToLeftSegue.h */ = {isa = PBXFileReference; fileEncoding = 4; lastKnownFileType = sourcecode.c.h; path = RightToLeftSegue.h; sourceTree = "<group>"; };
		D9074F4E1DF51A6800BC234A /* RightToLeftSegue.m */ = {isa = PBXFileReference; fileEncoding = 4; lastKnownFileType = sourcecode.c.objc; path = RightToLeftSegue.m; sourceTree = "<group>"; };
		D9074F501DF51A8A00BC234A /* LeftToRightSegue.h */ = {isa = PBXFileReference; fileEncoding = 4; lastKnownFileType = sourcecode.c.h; path = LeftToRightSegue.h; sourceTree = "<group>"; };
		D9074F511DF51A8A00BC234A /* LeftToRightSegue.m */ = {isa = PBXFileReference; fileEncoding = 4; lastKnownFileType = sourcecode.c.objc; path = LeftToRightSegue.m; sourceTree = "<group>"; };
		D9074F531DF5292800BC234A /* CoreImage.framework */ = {isa = PBXFileReference; lastKnownFileType = wrapper.framework; name = CoreImage.framework; path = System/Library/Frameworks/CoreImage.framework; sourceTree = SDKROOT; };
		D9074F551DF5292F00BC234A /* OpenGLES.framework */ = {isa = PBXFileReference; lastKnownFileType = wrapper.framework; name = OpenGLES.framework; path = System/Library/Frameworks/OpenGLES.framework; sourceTree = SDKROOT; };
		D9074F941DF52D1A00BC234A /* AppDelegate.h */ = {isa = PBXFileReference; fileEncoding = 4; lastKnownFileType = sourcecode.c.h; path = AppDelegate.h; sourceTree = "<group>"; };
		D9074F951DF52D1A00BC234A /* AppDelegate.m */ = {isa = PBXFileReference; fileEncoding = 4; lastKnownFileType = sourcecode.c.objc; path = AppDelegate.m; sourceTree = "<group>"; };
		D9074F9B1DF54B6A00BC234A /* mona.png */ = {isa = PBXFileReference; lastKnownFileType = image.png; name = mona.png; path = img/mona.png; sourceTree = "<group>"; };
		D9074F9D1DF54F0800BC234A /* henry.png */ = {isa = PBXFileReference; lastKnownFileType = image.png; name = henry.png; path = img/henry.png; sourceTree = SOURCE_ROOT; };
		D9074F9F1DF553BB00BC234A /* self.png */ = {isa = PBXFileReference; lastKnownFileType = image.png; name = self.png; path = img/self.png; sourceTree = SOURCE_ROOT; };
		D9074FA11DF5575C00BC234A /* pearl.png */ = {isa = PBXFileReference; lastKnownFileType = image.png; name = pearl.png; path = img/pearl.png; sourceTree = SOURCE_ROOT; };
		D90F47361DF330EA002FB7DB /* ArtMe.app */ = {isa = PBXFileReference; explicitFileType = wrapper.application; includeInIndex = 0; path = ArtMe.app; sourceTree = BUILT_PRODUCTS_DIR; };
		D90F473A1DF330EA002FB7DB /* main.m */ = {isa = PBXFileReference; lastKnownFileType = sourcecode.c.objc; path = main.m; sourceTree = "<group>"; };
		D90F473F1DF330EA002FB7DB /* ViewController.h */ = {isa = PBXFileReference; lastKnownFileType = sourcecode.c.h; path = ViewController.h; sourceTree = "<group>"; };
		D90F47401DF330EA002FB7DB /* ViewController.m */ = {isa = PBXFileReference; lastKnownFileType = sourcecode.c.objc; path = ViewController.m; sourceTree = "<group>"; };
		D90F47431DF330EA002FB7DB /* Base */ = {isa = PBXFileReference; lastKnownFileType = file.storyboard; name = Base; path = Base.lproj/Main.storyboard; sourceTree = "<group>"; };
		D90F47451DF330EA002FB7DB /* Assets.xcassets */ = {isa = PBXFileReference; lastKnownFileType = folder.assetcatalog; path = Assets.xcassets; sourceTree = "<group>"; };
		D90F47481DF330EA002FB7DB /* Base */ = {isa = PBXFileReference; lastKnownFileType = file.storyboard; name = Base; path = Base.lproj/LaunchScreen.storyboard; sourceTree = "<group>"; };
		D90F474A1DF330EA002FB7DB /* Info.plist */ = {isa = PBXFileReference; lastKnownFileType = text.plist.xml; path = Info.plist; sourceTree = "<group>"; };
		D90F474F1DF330EA002FB7DB /* ArtMeTests.xctest */ = {isa = PBXFileReference; explicitFileType = wrapper.cfbundle; includeInIndex = 0; path = ArtMeTests.xctest; sourceTree = BUILT_PRODUCTS_DIR; };
		D90F47531DF330EA002FB7DB /* ArtMeTests.m */ = {isa = PBXFileReference; lastKnownFileType = sourcecode.c.objc; path = ArtMeTests.m; sourceTree = "<group>"; };
		D90F47551DF330EA002FB7DB /* Info.plist */ = {isa = PBXFileReference; lastKnownFileType = text.plist.xml; path = Info.plist; sourceTree = "<group>"; };
		D90F475E1DF331C9002FB7DB /* SecondViewController.h */ = {isa = PBXFileReference; fileEncoding = 4; lastKnownFileType = sourcecode.c.h; path = SecondViewController.h; sourceTree = "<group>"; };
		D90F475F1DF331C9002FB7DB /* SecondViewController.m */ = {isa = PBXFileReference; fileEncoding = 4; lastKnownFileType = sourcecode.c.objc; path = SecondViewController.m; sourceTree = "<group>"; };
		D93A478A1DF60F0400008819 /* cavalier.png */ = {isa = PBXFileReference; lastKnownFileType = image.png; name = cavalier.png; path = img/cavalier.png; sourceTree = SOURCE_ROOT; };
/* End PBXFileReference section */

/* Begin PBXFrameworksBuildPhase section */
		D90F47331DF330EA002FB7DB /* Frameworks */ = {
			isa = PBXFrameworksBuildPhase;
			buildActionMask = 2147483647;
			files = (
				D9074F561DF5292F00BC234A /* OpenGLES.framework in Frameworks */,
				D9074F541DF5292800BC234A /* CoreImage.framework in Frameworks */,
				D9074F4C1DF5193C00BC234A /* QuartzCore.framework in Frameworks */,
				D9074F431DF5099500BC234A /* AVFoundation.framework in Frameworks */,
			);
			runOnlyForDeploymentPostprocessing = 0;
		};
		D90F474C1DF330EA002FB7DB /* Frameworks */ = {
			isa = PBXFrameworksBuildPhase;
			buildActionMask = 2147483647;
			files = (
			);
			runOnlyForDeploymentPostprocessing = 0;
		};
/* End PBXFrameworksBuildPhase section */

/* Begin PBXGroup section */
		D9074F411DF5099500BC234A /* Frameworks */ = {
			isa = PBXGroup;
			children = (
				D9074F551DF5292F00BC234A /* OpenGLES.framework */,
				D9074F531DF5292800BC234A /* CoreImage.framework */,
				D9074F4B1DF5193C00BC234A /* QuartzCore.framework */,
				D9074F421DF5099500BC234A /* AVFoundation.framework */,
			);
			name = Frameworks;
			sourceTree = "<group>";
		};
		D90F472D1DF330E9002FB7DB = {
			isa = PBXGroup;
			children = (
				D9074F9B1DF54B6A00BC234A /* mona.png */,
				D9074F391DF4F9F200BC234A /* camera.png */,
				D9074F9D1DF54F0800BC234A /* henry.png */,
				D9074F3F1DF4FC8300BC234A /* bakck.png */,
				D9074F291DF4F45900BC234A /* Home.jpg */,
				D9074FA11DF5575C00BC234A /* pearl.png */,
				D9074F9F1DF553BB00BC234A /* self.png */,
				D9074F2A1DF4F45900BC234A /* self.jpg */,
				D93A478A1DF60F0400008819 /* cavalier.png */,
				D90F47381DF330EA002FB7DB /* ArtMe */,
				D90F47521DF330EA002FB7DB /* ArtMeTests */,
				D90F47371DF330EA002FB7DB /* Products */,
				D9074F411DF5099500BC234A /* Frameworks */,
			);
			sourceTree = "<group>";
		};
		D90F47371DF330EA002FB7DB /* Products */ = {
			isa = PBXGroup;
			children = (
				D90F47361DF330EA002FB7DB /* ArtMe.app */,
				D90F474F1DF330EA002FB7DB /* ArtMeTests.xctest */,
			);
			name = Products;
			sourceTree = "<group>";
		};
		D90F47381DF330EA002FB7DB /* ArtMe */ = {
			isa = PBXGroup;
			children = (
				D9074F4D1DF51A6800BC234A /* RightToLeftSegue.h */,
				D9074F4E1DF51A6800BC234A /* RightToLeftSegue.m */,
				D90F47401DF330EA002FB7DB /* ViewController.m */,
				D9074F371DF4F90900BC234A /* Perpetua.ttf */,
				D90F473F1DF330EA002FB7DB /* ViewController.h */,
				D90F47421DF330EA002FB7DB /* Main.storyboard */,
				D9074F501DF51A8A00BC234A /* LeftToRightSegue.h */,
				D9074F511DF51A8A00BC234A /* LeftToRightSegue.m */,
				D9074F941DF52D1A00BC234A /* AppDelegate.h */,
				D9074F951DF52D1A00BC234A /* AppDelegate.m */,
				D90F475E1DF331C9002FB7DB /* SecondViewController.h */,
				D90F475F1DF331C9002FB7DB /* SecondViewController.m */,
				D90F47451DF330EA002FB7DB /* Assets.xcassets */,
				D90F47471DF330EA002FB7DB /* LaunchScreen.storyboard */,
				D90F474A1DF330EA002FB7DB /* Info.plist */,
				D90F47391DF330EA002FB7DB /* Supporting Files */,
			);
			path = ArtMe;
			sourceTree = "<group>";
		};
		D90F47391DF330EA002FB7DB /* Supporting Files */ = {
			isa = PBXGroup;
			children = (
				D90F473A1DF330EA002FB7DB /* main.m */,
			);
			name = "Supporting Files";
			sourceTree = "<group>";
		};
		D90F47521DF330EA002FB7DB /* ArtMeTests */ = {
			isa = PBXGroup;
			children = (
				D90F47531DF330EA002FB7DB /* ArtMeTests.m */,
				D90F47551DF330EA002FB7DB /* Info.plist */,
			);
			path = ArtMeTests;
			sourceTree = "<group>";
		};
/* End PBXGroup section */

/* Begin PBXNativeTarget section */
		D90F47351DF330EA002FB7DB /* ArtMe */ = {
			isa = PBXNativeTarget;
			buildConfigurationList = D90F47581DF330EA002FB7DB /* Build configuration list for PBXNativeTarget "ArtMe" */;
			buildPhases = (
				D90F47321DF330EA002FB7DB /* Sources */,
				D90F47331DF330EA002FB7DB /* Frameworks */,
				D90F47341DF330EA002FB7DB /* Resources */,
			);
			buildRules = (
			);
			dependencies = (
			);
			name = ArtMe;
			productName = ArtMe;
			productReference = D90F47361DF330EA002FB7DB /* ArtMe.app */;
			productType = "com.apple.product-type.application";
		};
		D90F474E1DF330EA002FB7DB /* ArtMeTests */ = {
			isa = PBXNativeTarget;
			buildConfigurationList = D90F475B1DF330EA002FB7DB /* Build configuration list for PBXNativeTarget "ArtMeTests" */;
			buildPhases = (
				D90F474B1DF330EA002FB7DB /* Sources */,
				D90F474C1DF330EA002FB7DB /* Frameworks */,
				D90F474D1DF330EA002FB7DB /* Resources */,
			);
			buildRules = (
			);
			dependencies = (
				D90F47511DF330EA002FB7DB /* PBXTargetDependency */,
			);
			name = ArtMeTests;
			productName = ArtMeTests;
			productReference = D90F474F1DF330EA002FB7DB /* ArtMeTests.xctest */;
			productType = "com.apple.product-type.bundle.unit-test";
		};
/* End PBXNativeTarget section */

/* Begin PBXProject section */
		D90F472E1DF330EA002FB7DB /* Project object */ = {
			isa = PBXProject;
			attributes = {
				LastUpgradeCheck = 0810;
				ORGANIZATIONNAME = "Caroline Hermans";
				TargetAttributes = {
					D90F47351DF330EA002FB7DB = {
						CreatedOnToolsVersion = 8.1;
						DevelopmentTeam = 839YF6697K;
						ProvisioningStyle = Automatic;
					};
					D90F474E1DF330EA002FB7DB = {
						CreatedOnToolsVersion = 8.1;
						ProvisioningStyle = Automatic;
						TestTargetID = D90F47351DF330EA002FB7DB;
					};
				};
			};
			buildConfigurationList = D90F47311DF330EA002FB7DB /* Build configuration list for PBXProject "ArtMe" */;
			compatibilityVersion = "Xcode 3.2";
			developmentRegion = English;
			hasScannedForEncodings = 0;
			knownRegions = (
				en,
				Base,
			);
			mainGroup = D90F472D1DF330E9002FB7DB;
			productRefGroup = D90F47371DF330EA002FB7DB /* Products */;
			projectDirPath = "";
			projectRoot = "";
			targets = (
				D90F47351DF330EA002FB7DB /* ArtMe */,
				D90F474E1DF330EA002FB7DB /* ArtMeTests */,
			);
		};
/* End PBXProject section */

/* Begin PBXResourcesBuildPhase section */
		D90F47341DF330EA002FB7DB /* Resources */ = {
			isa = PBXResourcesBuildPhase;
			buildActionMask = 2147483647;
			files = (
				D9074F9C1DF54B6A00BC234A /* mona.png in Resources */,
				D9074F301DF4F45900BC234A /* Home.jpg in Resources */,
				D9074F311DF4F45900BC234A /* self.jpg in Resources */,
				D9074F401DF4FC8300BC234A /* bakck.png in Resources */,
				D90F47491DF330EA002FB7DB /* LaunchScreen.storyboard in Resources */,
				D93A478B1DF60F0400008819 /* cavalier.png in Resources */,
				D9074F9E1DF54F0800BC234A /* henry.png in Resources */,
				D90F47461DF330EA002FB7DB /* Assets.xcassets in Resources */,
				D9074FA21DF5575C00BC234A /* pearl.png in Resources */,
				D9074F381DF4F90900BC234A /* Perpetua.ttf in Resources */,
				D90F47441DF330EA002FB7DB /* Main.storyboard in Resources */,
				D9074F3A1DF4F9F200BC234A /* camera.png in Resources */,
				D9074FA01DF553BB00BC234A /* self.png in Resources */,
			);
			runOnlyForDeploymentPostprocessing = 0;
		};
		D90F474D1DF330EA002FB7DB /* Resources */ = {
			isa = PBXResourcesBuildPhase;
			buildActionMask = 2147483647;
			files = (
			);
			runOnlyForDeploymentPostprocessing = 0;
		};
/* End PBXResourcesBuildPhase section */

/* Begin PBXSourcesBuildPhase section */
		D90F47321DF330EA002FB7DB /* Sources */ = {
			isa = PBXSourcesBuildPhase;
			buildActionMask = 2147483647;
			files = (
				D9074F521DF51A8A00BC234A /* LeftToRightSegue.m in Sources */,
				D90F47601DF331C9002FB7DB /* SecondViewController.m in Sources */,
				D90F47411DF330EA002FB7DB /* ViewController.m in Sources */,
				D9074F4F1DF51A6800BC234A /* RightToLeftSegue.m in Sources */,
				D90F473B1DF330EA002FB7DB /* main.m in Sources */,
				D9074F961DF52D1A00BC234A /* AppDelegate.m in Sources */,
			);
			runOnlyForDeploymentPostprocessing = 0;
		};
		D90F474B1DF330EA002FB7DB /* Sources */ = {
			isa = PBXSourcesBuildPhase;
			buildActionMask = 2147483647;
			files = (
				D90F47541DF330EA002FB7DB /* ArtMeTests.m in Sources */,
			);
			runOnlyForDeploymentPostprocessing = 0;
		};
/* End PBXSourcesBuildPhase section */

/* Begin PBXTargetDependency section */
		D90F47511DF330EA002FB7DB /* PBXTargetDependency */ = {
			isa = PBXTargetDependency;
			target = D90F47351DF330EA002FB7DB /* ArtMe */;
			targetProxy = D90F47501DF330EA002FB7DB /* PBXContainerItemProxy */;
		};
/* End PBXTargetDependency section */

/* Begin PBXVariantGroup section */
		D90F47421DF330EA002FB7DB /* Main.storyboard */ = {
			isa = PBXVariantGroup;
			children = (
				D90F47431DF330EA002FB7DB /* Base */,
			);
			name = Main.storyboard;
			sourceTree = "<group>";
		};
		D90F47471DF330EA002FB7DB /* LaunchScreen.storyboard */ = {
			isa = PBXVariantGroup;
			children = (
				D90F47481DF330EA002FB7DB /* Base */,
			);
			name = LaunchScreen.storyboard;
			sourceTree = "<group>";
		};
/* End PBXVariantGroup section */

/* Begin XCBuildConfiguration section */
		D90F47561DF330EA002FB7DB /* Debug */ = {
			isa = XCBuildConfiguration;
			buildSettings = {
				ALWAYS_SEARCH_USER_PATHS = NO;
				CLANG_ANALYZER_NONNULL = YES;
				CLANG_CXX_LANGUAGE_STANDARD = "gnu++0x";
				CLANG_CXX_LIBRARY = "libc++";
				CLANG_ENABLE_MODULES = YES;
				CLANG_ENABLE_OBJC_ARC = YES;
				CLANG_WARN_BOOL_CONVERSION = YES;
				CLANG_WARN_CONSTANT_CONVERSION = YES;
				CLANG_WARN_DIRECT_OBJC_ISA_USAGE = YES_ERROR;
				CLANG_WARN_DOCUMENTATION_COMMENTS = YES;
				CLANG_WARN_EMPTY_BODY = YES;
				CLANG_WARN_ENUM_CONVERSION = YES;
				CLANG_WARN_INFINITE_RECURSION = YES;
				CLANG_WARN_INT_CONVERSION = YES;
				CLANG_WARN_OBJC_ROOT_CLASS = YES_ERROR;
				CLANG_WARN_SUSPICIOUS_MOVES = YES;
				CLANG_WARN_UNREACHABLE_CODE = YES;
				CLANG_WARN__DUPLICATE_METHOD_MATCH = YES;
				"CODE_SIGN_IDENTITY[sdk=iphoneos*]" = "iPhone Developer";
				COPY_PHASE_STRIP = NO;
				DEBUG_INFORMATION_FORMAT = dwarf;
				ENABLE_STRICT_OBJC_MSGSEND = YES;
				ENABLE_TESTABILITY = YES;
				GCC_C_LANGUAGE_STANDARD = gnu99;
				GCC_DYNAMIC_NO_PIC = NO;
				GCC_NO_COMMON_BLOCKS = YES;
				GCC_OPTIMIZATION_LEVEL = 0;
				GCC_PREPROCESSOR_DEFINITIONS = (
					"DEBUG=1",
					"$(inherited)",
				);
				GCC_WARN_64_TO_32_BIT_CONVERSION = YES;
				GCC_WARN_ABOUT_RETURN_TYPE = YES_ERROR;
				GCC_WARN_UNDECLARED_SELECTOR = YES;
				GCC_WARN_UNINITIALIZED_AUTOS = YES_AGGRESSIVE;
				GCC_WARN_UNUSED_FUNCTION = YES;
				GCC_WARN_UNUSED_VARIABLE = YES;
				IPHONEOS_DEPLOYMENT_TARGET = 10.1;
				MTL_ENABLE_DEBUG_INFO = YES;
				ONLY_ACTIVE_ARCH = YES;
				SDKROOT = iphoneos;
				TARGETED_DEVICE_FAMILY = "1,2";
			};
			name = Debug;
		};
		D90F47571DF330EA002FB7DB /* Release */ = {
			isa = XCBuildConfiguration;
			buildSettings = {
				ALWAYS_SEARCH_USER_PATHS = NO;
				CLANG_ANALYZER_NONNULL = YES;
				CLANG_CXX_LANGUAGE_STANDARD = "gnu++0x";
				CLANG_CXX_LIBRARY = "libc++";
				CLANG_ENABLE_MODULES = YES;
				CLANG_ENABLE_OBJC_ARC = YES;
				CLANG_WARN_BOOL_CONVERSION = YES;
				CLANG_WARN_CONSTANT_CONVERSION = YES;
				CLANG_WARN_DIRECT_OBJC_ISA_USAGE = YES_ERROR;
				CLANG_WARN_DOCUMENTATION_COMMENTS = YES;
				CLANG_WARN_EMPTY_BODY = YES;
				CLANG_WARN_ENUM_CONVERSION = YES;
				CLANG_WARN_INFINITE_RECURSION = YES;
				CLANG_WARN_INT_CONVERSION = YES;
				CLANG_WARN_OBJC_ROOT_CLASS = YES_ERROR;
				CLANG_WARN_SUSPICIOUS_MOVES = YES;
				CLANG_WARN_UNREACHABLE_CODE = YES;
				CLANG_WARN__DUPLICATE_METHOD_MATCH = YES;
				"CODE_SIGN_IDENTITY[sdk=iphoneos*]" = "iPhone Developer";
				COPY_PHASE_STRIP = NO;
				DEBUG_INFORMATION_FORMAT = "dwarf-with-dsym";
				ENABLE_NS_ASSERTIONS = NO;
				ENABLE_STRICT_OBJC_MSGSEND = YES;
				GCC_C_LANGUAGE_STANDARD = gnu99;
				GCC_NO_COMMON_BLOCKS = YES;
				GCC_WARN_64_TO_32_BIT_CONVERSION = YES;
				GCC_WARN_ABOUT_RETURN_TYPE = YES_ERROR;
				GCC_WARN_UNDECLARED_SELECTOR = YES;
				GCC_WARN_UNINITIALIZED_AUTOS = YES_AGGRESSIVE;
				GCC_WARN_UNUSED_FUNCTION = YES;
				GCC_WARN_UNUSED_VARIABLE = YES;
				IPHONEOS_DEPLOYMENT_TARGET = 10.1;
				MTL_ENABLE_DEBUG_INFO = NO;
				SDKROOT = iphoneos;
				TARGETED_DEVICE_FAMILY = "1,2";
				VALIDATE_PRODUCT = YES;
			};
			name = Release;
		};
		D90F47591DF330EA002FB7DB /* Debug */ = {
			isa = XCBuildConfiguration;
			buildSettings = {
				ASSETCATALOG_COMPILER_APPICON_NAME = AppIcon;
				DEVELOPMENT_TEAM = 839YF6697K;
				INFOPLIST_FILE = ArtMe/Info.plist;
				LD_RUNPATH_SEARCH_PATHS = "$(inherited) @executable_path/Frameworks";
				PRODUCT_BUNDLE_IDENTIFIER = com.carolinehermans.ArtMe;
				PRODUCT_NAME = "$(TARGET_NAME)";
			};
			name = Debug;
		};
		D90F475A1DF330EA002FB7DB /* Release */ = {
			isa = XCBuildConfiguration;
			buildSettings = {
				ASSETCATALOG_COMPILER_APPICON_NAME = AppIcon;
				DEVELOPMENT_TEAM = 839YF6697K;
				INFOPLIST_FILE = ArtMe/Info.plist;
				LD_RUNPATH_SEARCH_PATHS = "$(inherited) @executable_path/Frameworks";
				PRODUCT_BUNDLE_IDENTIFIER = com.carolinehermans.ArtMe;
				PRODUCT_NAME = "$(TARGET_NAME)";
			};
			name = Release;
		};
		D90F475C1DF330EA002FB7DB /* Debug */ = {
			isa = XCBuildConfiguration;
			buildSettings = {
				BUNDLE_LOADER = "$(TEST_HOST)";
				INFOPLIST_FILE = ArtMeTests/Info.plist;
				LD_RUNPATH_SEARCH_PATHS = "$(inherited) @executable_path/Frameworks @loader_path/Frameworks";
				PRODUCT_BUNDLE_IDENTIFIER = com.carolinehermans.ArtMeTests;
				PRODUCT_NAME = "$(TARGET_NAME)";
				TEST_HOST = "$(BUILT_PRODUCTS_DIR)/ArtMe.app/ArtMe";
			};
			name = Debug;
		};
		D90F475D1DF330EA002FB7DB /* Release */ = {
			isa = XCBuildConfiguration;
			buildSettings = {
				BUNDLE_LOADER = "$(TEST_HOST)";
				INFOPLIST_FILE = ArtMeTests/Info.plist;
				LD_RUNPATH_SEARCH_PATHS = "$(inherited) @executable_path/Frameworks @loader_path/Frameworks";
				PRODUCT_BUNDLE_IDENTIFIER = com.carolinehermans.ArtMeTests;
				PRODUCT_NAME = "$(TARGET_NAME)";
				TEST_HOST = "$(BUILT_PRODUCTS_DIR)/ArtMe.app/ArtMe";
			};
			name = Release;
		};
/* End XCBuildConfiguration section */

/* Begin XCConfigurationList section */
		D90F47311DF330EA002FB7DB /* Build configuration list for PBXProject "ArtMe" */ = {
			isa = XCConfigurationList;
			buildConfigurations = (
				D90F47561DF330EA002FB7DB /* Debug */,
				D90F47571DF330EA002FB7DB /* Release */,
			);
			defaultConfigurationIsVisible = 0;
			defaultConfigurationName = Release;
		};
		D90F47581DF330EA002FB7DB /* Build configuration list for PBXNativeTarget "ArtMe" */ = {
			isa = XCConfigurationList;
			buildConfigurations = (
				D90F47591DF330EA002FB7DB /* Debug */,
				D90F475A1DF330EA002FB7DB /* Release */,
			);
			defaultConfigurationIsVisible = 0;
			defaultConfigurationName = Release;
		};
		D90F475B1DF330EA002FB7DB /* Build configuration list for PBXNativeTarget "ArtMeTests" */ = {
			isa = XCConfigurationList;
			buildConfigurations = (
				D90F475C1DF330EA002FB7DB /* Debug */,
				D90F475D1DF330EA002FB7DB /* Release */,
			);
			defaultConfigurationIsVisible = 0;
			defaultConfigurationName = Release;
		};
/* End XCConfigurationList section */
	};
	rootObject = D90F472E1DF330EA002FB7DB /* Project object */;
}
